
Microsoft Visual Studio Solution File, Format Version 12.00
# Visual Studio Version 17
VisualStudioVersion = 17.8.34330.188
MinimumVisualStudioVersion = 10.0.40219.1
Project("{FAE04EC0-301F-11D3-BF4B-00C04F79EFBC}") = "WCFLogicaPrimerServicio", "WCFLogicaPrimerServicio\WCFLogicaPrimerServicio.csproj", "{5E455BE5-2468-491A-8CF3-85EE9A461D4C}"
EndProject
Project("{FAE04EC0-301F-11D3-BF4B-00C04F79EFBC}") = "WCFHostPrimerServicio", "WCFHostPrimerServicio\WCFHostPrimerServicio.csproj", "{B4611EB2-8CA2-45A3-970E-F4546DE521FE}"
EndProject
Global
	GlobalSection(SolutionConfigurationPlatforms) = preSolution
		Debug|Any CPU = Debug|Any CPU
		Release|Any CPU = Release|Any CPU
	EndGlobalSection
	GlobalSection(ProjectConfigurationPlatforms) = postSolution
		{5E455BE5-2468-491A-8CF3-85EE9A461D4C}.Debug|Any CPU.ActiveCfg = Debug|Any CPU
		{5E455BE5-2468-491A-8CF3-85EE9A461D4C}.Debug|Any CPU.Build.0 = Debug|Any CPU
		{5E455BE5-2468-491A-8CF3-85EE9A461D4C}.Release|Any CPU.ActiveCfg = Release|Any CPU
		{5E455BE5-2468-491A-8CF3-85EE9A461D4C}.Release|Any CPU.Build.0 = Release|Any CPU
		{B4611EB2-8CA2-45A3-970E-F4546DE521FE}.Debug|Any CPU.ActiveCfg = Debug|Any CPU
		{B4611EB2-8CA2-45A3-970E-F4546DE521FE}.Debug|Any CPU.Build.0 = Debug|Any CPU
		{B4611EB2-8CA2-45A3-970E-F4546DE521FE}.Release|Any CPU.ActiveCfg = Release|Any CPU
		{B4611EB2-8CA2-45A3-970E-F4546DE521FE}.Release|Any CPU.Build.0 = Release|Any CPU
	EndGlobalSection
	GlobalSection(SolutionProperties) = preSolution
		HideSolutionNode = FALSE
	EndGlobalSection
	GlobalSection(ExtensibilityGlobals) = postSolution
		SolutionGuid = {C1734E4A-1C09-4080-A217-FD62161E7C45}
	EndGlobalSection
EndGlobal
